
Microsoft Visual Studio Solution File, Format Version 12.00
# Visual Studio Version 17
VisualStudioVersion = 17.3.32929.385
MinimumVisualStudioVersion = 10.0.40219.1
Project("{FAE04EC0-301F-11D3-BF4B-00C04F79EFBC}") = "ETicaret", "ETicaret\ETicaret.csproj", "{447816D1-BD00-4118-AC0A-B9D147ABA8CC}"
EndProject
Global
	GlobalSection(SolutionConfigurationPlatforms) = preSolution
		Debug|Any CPU = Debug|Any CPU
		Release|Any CPU = Release|Any CPU
	EndGlobalSection
	GlobalSection(ProjectConfigurationPlatforms) = postSolution
		{447816D1-BD00-4118-AC0A-B9D147ABA8CC}.Debug|Any CPU.ActiveCfg = Debug|Any CPU
		{447816D1-BD00-4118-AC0A-B9D147ABA8CC}.Debug|Any CPU.Build.0 = Debug|Any CPU
		{447816D1-BD00-4118-AC0A-B9D147ABA8CC}.Release|Any CPU.ActiveCfg = Release|Any CPU
		{447816D1-BD00-4118-AC0A-B9D147ABA8CC}.Release|Any CPU.Build.0 = Release|Any CPU
	EndGlobalSection
	GlobalSection(SolutionProperties) = preSolution
		HideSolutionNode = FALSE
	EndGlobalSection
	GlobalSection(ExtensibilityGlobals) = postSolution
		SolutionGuid = {5A559C2C-5867-45FD-B00A-064B62560CE4}
	EndGlobalSection
EndGlobal
